<?xml version="1.0" encoding="utf-8"?>
<Project ToolsVersion="4.0" xmlns="http://schemas.microsoft.com/developer/msbuild/2003">
  <ItemGroup>
    <Filter Include="Source Files">
      <UniqueIdentifier>{4FC737F1-C7A5-4376-A066-2A32D752A2FF}</UniqueIdentifier>
      <Extensions>cpp;c;cc;cxx;def;odl;idl;hpj;bat;asm;asmx</Extensions>
    </Filter>
    <Filter Include="Header Files">
      <UniqueIdentifier>{93995380-89BD-4b04-88EB-625FBE52EBFB}</UniqueIdentifier>
      <Extensions>h;hh;hpp;hxx;hm;inl;inc;ipp;xsd</Extensions>
    </Filter>
    <Filter Include="Resource Files">
      <UniqueIdentifier>{67DA6AB6-F800-4c08-8B7A-83BB121AAD01}</UniqueIdentifier>
      <Extensions>rc;ico;cur;bmp;dlg;rc2;rct;bin;rgs;gif;jpg;jpeg;jpe;resx;tiff;tif;png;wav;mfcribbon-ms</Extensions>
    </Filter>
    <Filter Include="Header Files\Shaders">
      <UniqueIdentifier>{772d0c59-9c9c-4f78-a87b-76215b795ee3}</UniqueIdentifier>
    </Filter>
    <Filter Include="Source Files\Shaders">
      <UniqueIdentifier>{e2071eb5-632c-46cc-8b41-824f257bda4c}</UniqueIdentifier>
    </Filter>
  </ItemGroup>
  <ItemGroup>
    <ClInclude Include="source.h">
      <Filter>Header Files</Filter>
    </ClInclude>
    <ClInclude Include="directx_stuff.h">
      <Filter>Header Files</Filter>
    </ClInclude>
    <ClInclude Include="DDSTextureLoader.h">
      <Filter>Header Files</Filter>
    </ClInclude>
    <ClInclude Include="model_stuff.h">
      <Filter>Header Files</Filter>
    </ClInclude>
    <ClInclude Include="graphics_stuff.h">
      <Filter>Header Files</Filter>
    </ClInclude>
    <ClInclude Include="camera_stuff.h">
      <Filter>Header Files</Filter>
    </ClInclude>
    <ClInclude Include="position_stuff.h">
      <Filter>Header Files</Filter>
    </ClInclude>
    <ClInclude Include="loader_stuff.h">
      <Filter>Header Files</Filter>
    </ClInclude>
    <ClInclude Include="defines.h">
      <Filter>Header Files</Filter>
    </ClInclude>
    <ClInclude Include="light_stuff.h">
      <Filter>Header Files</Filter>
    </ClInclude>
    <ClInclude Include="ambient_light_stuff.h">
      <Filter>Header Files\Shaders</Filter>
    </ClInclude>
    <ClInclude Include="basic_shader_stuff.h">
      <Filter>Header Files\Shaders</Filter>
    </ClInclude>
    <ClInclude Include="cube_map_stuff.h">
      <Filter>Header Files\Shaders</Filter>
    </ClInclude>
    <ClInclude Include="depth_shader_stuff.h">
      <Filter>Header Files\Shaders</Filter>
    </ClInclude>
    <ClInclude Include="light_shader_stuff.h">
      <Filter>Header Files\Shaders</Filter>
    </ClInclude>
    <ClInclude Include="specular_lighting_stuff.h">
      <Filter>Header Files\Shaders</Filter>
    </ClInclude>
    <ClInclude Include="texture_shader_stuff.h">
      <Filter>Header Files\Shaders</Filter>
    </ClInclude>
    <ClInclude Include="multi_texture_stuff.h">
      <Filter>Header Files\Shaders</Filter>
    </ClInclude>
    <ClInclude Include="spotlight_shader_stuff.h">
      <Filter>Header Files\Shaders</Filter>
    </ClInclude>
    <ClInclude Include="instance_shader_stuff.h">
      <Filter>Header Files\Shaders</Filter>
    </ClInclude>
    <ClInclude Include="shadow_map_shader_stuff.h">
      <Filter>Header Files\Shaders</Filter>
    </ClInclude>
    <ClInclude Include="render_2_texture_stuff.h">
      <Filter>Header Files</Filter>
    </ClInclude>
    <ClInclude Include="bitmap_stuff.h">
      <Filter>Header Files</Filter>
    </ClInclude>
    <ClInclude Include="spotlight2_shader_stuff.h">
      <Filter>Header Files\Shaders</Filter>
    </ClInclude>
    <ClInclude Include="DirectXMath.h">
      <Filter>Header Files</Filter>
    </ClInclude>
  </ItemGroup>
  <ItemGroup>
    <ClCompile Include="source.cpp">
      <Filter>Source Files</Filter>
    </ClCompile>
    <ClCompile Include="directx_stuff.cpp">
      <Filter>Source Files</Filter>
    </ClCompile>
    <ClCompile Include="DDSTextureLoader.cpp">
      <Filter>Header Files</Filter>
    </ClCompile>
    <ClCompile Include="model_stuff.cpp">
      <Filter>Source Files</Filter>
    </ClCompile>
    <ClCompile Include="graphics_stuff.cpp">
      <Filter>Source Files</Filter>
    </ClCompile>
    <ClCompile Include="camera_stuff.cpp">
      <Filter>Source Files</Filter>
    </ClCompile>
    <ClCompile Include="position_stuff.cpp">
      <Filter>Source Files</Filter>
    </ClCompile>
    <ClCompile Include="loader_stuff.cpp">
      <Filter>Source Files</Filter>
    </ClCompile>
    <ClCompile Include="defines.cpp">
      <Filter>Source Files</Filter>
    </ClCompile>
    <ClCompile Include="light_stuff.cpp">
      <Filter>Source Files</Filter>
    </ClCompile>
    <ClCompile Include="ambient_light_stuff.cpp">
      <Filter>Source Files\Shaders</Filter>
    </ClCompile>
    <ClCompile Include="basic_shader_stuff.cpp">
      <Filter>Source Files\Shaders</Filter>
    </ClCompile>
    <ClCompile Include="cube_map_stuff.cpp">
      <Filter>Source Files\Shaders</Filter>
    </ClCompile>
    <ClCompile Include="depth_shader_stuff.cpp">
      <Filter>Source Files\Shaders</Filter>
    </ClCompile>
    <ClCompile Include="light_shader_stuff.cpp">
      <Filter>Source Files\Shaders</Filter>
    </ClCompile>
    <ClCompile Include="multi_texture_stuff.cpp">
      <Filter>Source Files\Shaders</Filter>
    </ClCompile>
    <ClCompile Include="specular_lighting_stuff.cpp">
      <Filter>Source Files\Shaders</Filter>
    </ClCompile>
    <ClCompile Include="texture_shader_stuff.cpp">
      <Filter>Source Files\Shaders</Filter>
    </ClCompile>
    <ClCompile Include="spotlight_shader_stuff.cpp">
      <Filter>Source Files\Shaders</Filter>
    </ClCompile>
    <ClCompile Include="instance_shader_stuff.cpp">
      <Filter>Source Files\Shaders</Filter>
    </ClCompile>
    <ClCompile Include="shadow_map_shader_stuff.cpp">
      <Filter>Source Files\Shaders</Filter>
    </ClCompile>
    <ClCompile Include="render_2_texture_stuff.cpp">
      <Filter>Source Files</Filter>
    </ClCompile>
    <ClCompile Include="bitmap_stuff.cpp">
      <Filter>Source Files</Filter>
    </ClCompile>
    <ClCompile Include="spotlight2_shader_stuff.cpp">
      <Filter>Source Files\Shaders</Filter>
    </ClCompile>
  </ItemGroup>
  <ItemGroup>
    <None Include="basic_shader.hlsl" />
    <None Include="texture_shader.hlsl" />
    <None Include="light_shader.hlsl" />
    <None Include="ambient_light.hlsl" />
    <None Include="depth_shader.hlsl" />
    <None Include="specular_lighting.hlsl" />
    <None Include="spotlight_shader.hlsl" />
    <None Include="instance_shader.hlsl" />
    <None Include="spotlight2_shader.hlsl" />
  </ItemGroup>
  <ItemGroup>
    <Text Include="multi_texture_shader.hlsl" />
    <Text Include="cubemap_shader.hlsl" />
    <Text Include="cube_map_shader.txt">
      <Filter>Header Files\Shaders</Filter>
    </Text>
    <Text Include="shadow_map_shader.hlsl" />
  </ItemGroup>
</Project>